
Microsoft Visual Studio Solution File, Format Version 12.00
# Visual Studio Express 2012 for Windows Desktop
Project("{8BC9CEB8-8B4A-11D0-8D11-00A0C91BC942}") = "Monopoly", "Monopoly\Monopoly.vcxproj", "{AA6EF707-96D0-44CB-8EF3-19DC00DF05DC}"
EndProject
Project("{8BC9CEB8-8B4A-11D0-8D11-00A0C91BC942}") = "MonopolyManagedWrapper", "MonopolyManagedWrapper\MonopolyManagedWrapper.vcxproj", "{68A801CE-4E70-410C-9E9A-13C2AC9737FA}"
EndProject
Project("{FAE04EC0-301F-11D3-BF4B-00C04F79EFBC}") = "MonopolyGameEngine", "MonopolyGameEngine\MonopolyGameEngine.csproj", "{409FE135-BE0F-4387-B1CC-7499BBD1421A}"
EndProject
Global
	GlobalSection(SolutionConfigurationPlatforms) = preSolution
		Debug|Any CPU = Debug|Any CPU
		Debug|Mixed Platforms = Debug|Mixed Platforms
		Debug|Win32 = Debug|Win32
		Release|Any CPU = Release|Any CPU
		Release|Mixed Platforms = Release|Mixed Platforms
		Release|Win32 = Release|Win32
	EndGlobalSection
	GlobalSection(ProjectConfigurationPlatforms) = postSolution
		{AA6EF707-96D0-44CB-8EF3-19DC00DF05DC}.Debug|Any CPU.ActiveCfg = Debug|Win32
		{AA6EF707-96D0-44CB-8EF3-19DC00DF05DC}.Debug|Mixed Platforms.ActiveCfg = Debug|Win32
		{AA6EF707-96D0-44CB-8EF3-19DC00DF05DC}.Debug|Mixed Platforms.Build.0 = Debug|Win32
		{AA6EF707-96D0-44CB-8EF3-19DC00DF05DC}.Debug|Win32.ActiveCfg = Debug|Win32
		{AA6EF707-96D0-44CB-8EF3-19DC00DF05DC}.Debug|Win32.Build.0 = Debug|Win32
		{AA6EF707-96D0-44CB-8EF3-19DC00DF05DC}.Release|Any CPU.ActiveCfg = Release|Win32
		{AA6EF707-96D0-44CB-8EF3-19DC00DF05DC}.Release|Mixed Platforms.ActiveCfg = Release|Win32
		{AA6EF707-96D0-44CB-8EF3-19DC00DF05DC}.Release|Mixed Platforms.Build.0 = Release|Win32
		{AA6EF707-96D0-44CB-8EF3-19DC00DF05DC}.Release|Win32.ActiveCfg = Release|Win32
		{AA6EF707-96D0-44CB-8EF3-19DC00DF05DC}.Release|Win32.Build.0 = Release|Win32
		{68A801CE-4E70-410C-9E9A-13C2AC9737FA}.Debug|Any CPU.ActiveCfg = Debug|Win32
		{68A801CE-4E70-410C-9E9A-13C2AC9737FA}.Debug|Mixed Platforms.ActiveCfg = Debug|Win32
		{68A801CE-4E70-410C-9E9A-13C2AC9737FA}.Debug|Mixed Platforms.Build.0 = Debug|Win32
		{68A801CE-4E70-410C-9E9A-13C2AC9737FA}.Debug|Win32.ActiveCfg = Debug|Win32
		{68A801CE-4E70-410C-9E9A-13C2AC9737FA}.Debug|Win32.Build.0 = Debug|Win32
		{68A801CE-4E70-410C-9E9A-13C2AC9737FA}.Release|Any CPU.ActiveCfg = Release|Win32
		{68A801CE-4E70-410C-9E9A-13C2AC9737FA}.Release|Mixed Platforms.ActiveCfg = Release|Win32
		{68A801CE-4E70-410C-9E9A-13C2AC9737FA}.Release|Mixed Platforms.Build.0 = Release|Win32
		{68A801CE-4E70-410C-9E9A-13C2AC9737FA}.Release|Win32.ActiveCfg = Release|Win32
		{68A801CE-4E70-410C-9E9A-13C2AC9737FA}.Release|Win32.Build.0 = Release|Win32
		{409FE135-BE0F-4387-B1CC-7499BBD1421A}.Debug|Any CPU.ActiveCfg = Debug|Any CPU
		{409FE135-BE0F-4387-B1CC-7499BBD1421A}.Debug|Any CPU.Build.0 = Debug|Any CPU
		{409FE135-BE0F-4387-B1CC-7499BBD1421A}.Debug|Mixed Platforms.ActiveCfg = Debug|Any CPU
		{409FE135-BE0F-4387-B1CC-7499BBD1421A}.Debug|Mixed Platforms.Build.0 = Debug|Any CPU
		{409FE135-BE0F-4387-B1CC-7499BBD1421A}.Debug|Win32.ActiveCfg = Debug|Any CPU
		{409FE135-BE0F-4387-B1CC-7499BBD1421A}.Release|Any CPU.ActiveCfg = Release|Any CPU
		{409FE135-BE0F-4387-B1CC-7499BBD1421A}.Release|Any CPU.Build.0 = Release|Any CPU
		{409FE135-BE0F-4387-B1CC-7499BBD1421A}.Release|Mixed Platforms.ActiveCfg = Release|Any CPU
		{409FE135-BE0F-4387-B1CC-7499BBD1421A}.Release|Mixed Platforms.Build.0 = Release|Any CPU
		{409FE135-BE0F-4387-B1CC-7499BBD1421A}.Release|Win32.ActiveCfg = Release|Any CPU
	EndGlobalSection
	GlobalSection(SolutionProperties) = preSolution
		HideSolutionNode = FALSE
	EndGlobalSection
EndGlobal
