<?xml version="1.0" encoding="utf-8"?>
<Project ToolsVersion="4.0" xmlns="http://schemas.microsoft.com/developer/msbuild/2003">
  <ItemGroup>
    <Filter Include="Source Files">
      <UniqueIdentifier>{4FC737F1-C7A5-4376-A066-2A32D752A2FF}</UniqueIdentifier>
      <Extensions>cpp;c;cc;cxx;def;odl;idl;hpj;bat;asm;asmx</Extensions>
    </Filter>
    <Filter Include="Header Files">
      <UniqueIdentifier>{93995380-89BD-4b04-88EB-625FBE52EBFB}</UniqueIdentifier>
      <Extensions>h;hpp;hxx;hm;inl;inc;xsd</Extensions>
    </Filter>
    <Filter Include="Resource Files">
      <UniqueIdentifier>{67DA6AB6-F800-4c08-8B7A-83BB121AAD01}</UniqueIdentifier>
      <Extensions>rc;ico;cur;bmp;dlg;rc2;rct;bin;rgs;gif;jpg;jpeg;jpe;resx;tiff;tif;png;wav;mfcribbon-ms</Extensions>
    </Filter>
    <Filter Include="Header Files\UI">
      <UniqueIdentifier>{c6ef4256-e9bc-4bd1-8f6d-23d34e564956}</UniqueIdentifier>
    </Filter>
    <Filter Include="Source Files\UI">
      <UniqueIdentifier>{f3327a6f-b96c-4b7a-8f05-2c78ab857ad4}</UniqueIdentifier>
    </Filter>
    <Filter Include="QTDLLs">
      <UniqueIdentifier>{e77dd62b-5354-4283-a13e-4e799f394588}</UniqueIdentifier>
    </Filter>
    <Filter Include="Header Files\MonopolyMap">
      <UniqueIdentifier>{994214d8-4ac5-4095-9cf4-6526a43aed79}</UniqueIdentifier>
    </Filter>
    <Filter Include="Source Files\MonopolyMap">
      <UniqueIdentifier>{8e964d17-deac-47bc-b638-9d91f22e2ba6}</UniqueIdentifier>
    </Filter>
    <Filter Include="Source Files\Rendering">
      <UniqueIdentifier>{e9e6806f-df97-48c0-b0bd-19e9dd123df8}</UniqueIdentifier>
    </Filter>
    <Filter Include="Header Files\Rendering">
      <UniqueIdentifier>{89773144-51ab-4e2f-8efa-fd1f2e77521f}</UniqueIdentifier>
    </Filter>
  </ItemGroup>
  <ItemGroup>
    <Text Include="ReadMe.txt" />
  </ItemGroup>
  <ItemGroup>
    <ClInclude Include="stdafx.h">
      <Filter>Header Files</Filter>
    </ClInclude>
    <ClInclude Include="targetver.h">
      <Filter>Header Files</Filter>
    </ClInclude>
    <ClInclude Include="Resource.h">
      <Filter>Header Files</Filter>
    </ClInclude>
    <ClInclude Include="UI\GLWidget.h">
      <Filter>Header Files</Filter>
    </ClInclude>
    <ClInclude Include="UI\MainWindow.h">
      <Filter>Header Files</Filter>
    </ClInclude>
    <ClInclude Include="Rendering\MapRenderer.h">
      <Filter>Header Files</Filter>
    </ClInclude>
    <ClInclude Include="GameMap\GameMap.h">
      <Filter>Header Files</Filter>
    </ClInclude>
    <ClInclude Include="GameMap\Place.h">
      <Filter>Header Files</Filter>
    </ClInclude>
    <ClInclude Include="MonopolyUI.h">
      <Filter>Header Files</Filter>
    </ClInclude>
    <ClInclude Include="UI\PlaceDetails.h">
      <Filter>Header Files</Filter>
    </ClInclude>
  </ItemGroup>
  <ItemGroup>
    <ClCompile Include="stdafx.cpp">
      <Filter>Source Files</Filter>
    </ClCompile>
    <ClCompile Include="UI\GLWidget.cpp">
      <Filter>Source Files</Filter>
    </ClCompile>
    <ClCompile Include="UI\MainWindow.cpp">
      <Filter>Source Files</Filter>
    </ClCompile>
    <ClCompile Include="Rendering\MapRenderer.cpp">
      <Filter>Source Files</Filter>
    </ClCompile>
    <ClCompile Include="GameMap\GameMap.cpp">
      <Filter>Source Files</Filter>
    </ClCompile>
    <ClCompile Include="GameMap\Place.cpp">
      <Filter>Source Files</Filter>
    </ClCompile>
    <ClCompile Include="MonopolyUI.cpp">
      <Filter>Source Files</Filter>
    </ClCompile>
    <ClCompile Include="UI\PlaceDetails.cpp">
      <Filter>Source Files</Filter>
    </ClCompile>
  </ItemGroup>
  <ItemGroup>
    <Image Include="small.ico">
      <Filter>Resource Files</Filter>
    </Image>
    <Image Include="Images\Chur_Kornplatz.png">
      <Filter>Resource Files</Filter>
    </Image>
  </ItemGroup>
  <ItemGroup>
    <CustomBuild Include="QTDLLs\QtCore4.dll">
      <Filter>QTDLLs</Filter>
    </CustomBuild>
    <CustomBuild Include="QTDLLs\QtCored4.dll">
      <Filter>QTDLLs</Filter>
    </CustomBuild>
    <CustomBuild Include="QTDLLs\QtCored4.pdb">
      <Filter>QTDLLs</Filter>
    </CustomBuild>
    <CustomBuild Include="QTDLLs\QtGui4.dll">
      <Filter>QTDLLs</Filter>
    </CustomBuild>
    <CustomBuild Include="QTDLLs\QtGuid4.dll">
      <Filter>QTDLLs</Filter>
    </CustomBuild>
    <CustomBuild Include="QTDLLs\QtGuid4.pdb">
      <Filter>QTDLLs</Filter>
    </CustomBuild>
    <CustomBuild Include="QTDLLs\QtOpenGL4.dll">
      <Filter>QTDLLs</Filter>
    </CustomBuild>
    <CustomBuild Include="QTDLLs\QtOpenGLd4.dll">
      <Filter>QTDLLs</Filter>
    </CustomBuild>
  </ItemGroup>
</Project>